
Microsoft Visual Studio Solution File, Format Version 12.00
# Visual Studio Version 17
VisualStudioVersion = 17.9.34616.47
MinimumVisualStudioVersion = 10.0.40219.1
Project("{2150E333-8FDC-42A3-9474-1A3956D46DE8}") = "Solution Items", "Solution Items", "{065DEBA0-9C5F-4400-8089-A61D419DA903}"
	ProjectSection(SolutionItems) = preProject
		docker-compose.override.yml = docker-compose.override.yml
		docker-compose.yml = docker-compose.yml
		Solution Items\global.json = Solution Items\global.json
		README.md = README.md
	EndProjectSection
EndProject
Project("{9A19103F-16F7-4668-BE54-9A1E7A4F7556}") = "Common.Logging", "src\BuildingBlocks\Common.Logging\Common.Logging.csproj", "{3DDF375D-3FFC-453D-8BD3-838D3F3FC610}"
EndProject
Project("{2150E333-8FDC-42A3-9474-1A3956D46DE8}") = "src", "src", "{ECE2CC0C-EE5A-472F-B2FB-0818C818D609}"
	ProjectSection(SolutionItems) = preProject
		docker-compose.override.yml = docker-compose.override.yml
		docker-compose.yml = docker-compose.yml
	EndProjectSection
EndProject
Project("{2150E333-8FDC-42A3-9474-1A3956D46DE8}") = "BuildingBlocks", "BuildingBlocks", "{9D770160-29A8-4C8A-BFD8-86F5D1033C0A}"
EndProject
Project("{9A19103F-16F7-4668-BE54-9A1E7A4F7556}") = "EventBus.Messages", "src\BuildingBlocks\EventBus.Messages\EventBus.Messages.csproj", "{C90B47A1-359E-4E20-BDD5-6403E653F182}"
EndProject
Project("{2150E333-8FDC-42A3-9474-1A3956D46DE8}") = "Services", "Services", "{B93DE550-2B9F-486C-8423-97BE51816CF3}"
EndProject
Project("{2150E333-8FDC-42A3-9474-1A3956D46DE8}") = "WebApps", "WebApps", "{A469F70B-C319-423E-A2E7-49044BB239E1}"
EndProject
Project("{9A19103F-16F7-4668-BE54-9A1E7A4F7556}") = "WebHealthStatus", "src\WebApps\WebHealthStatus\WebHealthStatus.csproj", "{928D1E50-5318-465F-A3EE-3828B8BE8D20}"
EndProject
Project("{2150E333-8FDC-42A3-9474-1A3956D46DE8}") = "Basket", "Basket", "{0037CCA1-BF84-4E7A-B40F-A8C6DF272E31}"
EndProject
Project("{9A19103F-16F7-4668-BE54-9A1E7A4F7556}") = "Basket.API", "src\Services\Basket\Basket.API\Basket.API.csproj", "{2951123A-FCEF-4E81-B7B1-FEE82B26F04C}"
EndProject
Project("{2150E333-8FDC-42A3-9474-1A3956D46DE8}") = "Customer", "Customer", "{B4707239-D1E3-4A25-A217-B3B5458487A3}"
EndProject
Project("{9A19103F-16F7-4668-BE54-9A1E7A4F7556}") = "Customer.API", "src\Services\Customer\Customer.API\Customer.API.csproj", "{97BB3576-E682-4DA0-B03B-EE337C385D32}"
EndProject
Project("{2150E333-8FDC-42A3-9474-1A3956D46DE8}") = "Inventory", "Inventory", "{EF2C17F5-F45F-43D2-BAB7-BC1086522DE8}"
EndProject
Project("{9A19103F-16F7-4668-BE54-9A1E7A4F7556}") = "Inventory.Product.API", "src\Services\Inventory\Inventory.Product.API\Inventory.Product.API.csproj", "{1049D030-DDE1-4082-9D1F-1FBF6FA8655C}"
EndProject
Project("{2150E333-8FDC-42A3-9474-1A3956D46DE8}") = "Odering", "Odering", "{FC281D9F-7E4D-46A7-9CCB-11BF0C4101ED}"
EndProject
Project("{9A19103F-16F7-4668-BE54-9A1E7A4F7556}") = "Ordering.API", "src\Services\Ordering\Ordering.API\Ordering.API.csproj", "{ADFD196F-9415-495F-8660-2AD0B5AD5929}"
EndProject
Project("{2150E333-8FDC-42A3-9474-1A3956D46DE8}") = "Product", "Product", "{763C569E-932F-4793-8AEB-A3283D204222}"
EndProject
Project("{9A19103F-16F7-4668-BE54-9A1E7A4F7556}") = "Product.API", "src\Services\Product\Product.API\Product.API.csproj", "{3471D970-4827-402C-A333-5653408D96F1}"
EndProject
Project("{2150E333-8FDC-42A3-9474-1A3956D46DE8}") = "ScheduledJob", "ScheduledJob", "{5821F862-FBE9-4FC9-94D8-A956E1722F26}"
EndProject
Project("{9A19103F-16F7-4668-BE54-9A1E7A4F7556}") = "Hangfire.API", "src\Services\ScheduledJob\Hangfire.API\Hangfire.API.csproj", "{02EC08C3-8697-48D2-9A9E-49F1005DED0E}"
EndProject
Project("{9A19103F-16F7-4668-BE54-9A1E7A4F7556}") = "Contracts", "src\BuildingBlocks\Contracts\Contracts.csproj", "{4BEDC0D9-EDDB-45A5-B57A-FAA3E1086CD3}"
EndProject
Project("{9A19103F-16F7-4668-BE54-9A1E7A4F7556}") = "Infrastructure", "src\BuildingBlocks\Infrastructure\Infrastructure.csproj", "{BEBA4B91-2B2B-44D6-8F83-036314AEB085}"
EndProject
Project("{9A19103F-16F7-4668-BE54-9A1E7A4F7556}") = "Shared", "src\BuildingBlocks\Shared\Shared.csproj", "{940A6A39-E747-49BE-AF4A-E8044BC0DD16}"
EndProject
Project("{2150E333-8FDC-42A3-9474-1A3956D46DE8}") = "ApiGateways", "ApiGateways", "{AF615C4E-DD98-4806-9C28-CB477A4C613C}"
EndProject
Project("{9A19103F-16F7-4668-BE54-9A1E7A4F7556}") = "OcelotApiGw", "src\ApiGateways\OcelotApiGw\OcelotApiGw.csproj", "{DB7595CD-C31D-4B09-9C65-B0E90F74C8E2}"
EndProject
Global
	GlobalSection(SolutionConfigurationPlatforms) = preSolution
		Debug|Any CPU = Debug|Any CPU
		Release|Any CPU = Release|Any CPU
	EndGlobalSection
	GlobalSection(ProjectConfigurationPlatforms) = postSolution
		{3DDF375D-3FFC-453D-8BD3-838D3F3FC610}.Debug|Any CPU.ActiveCfg = Debug|Any CPU
		{3DDF375D-3FFC-453D-8BD3-838D3F3FC610}.Debug|Any CPU.Build.0 = Debug|Any CPU
		{3DDF375D-3FFC-453D-8BD3-838D3F3FC610}.Release|Any CPU.ActiveCfg = Release|Any CPU
		{3DDF375D-3FFC-453D-8BD3-838D3F3FC610}.Release|Any CPU.Build.0 = Release|Any CPU
		{C90B47A1-359E-4E20-BDD5-6403E653F182}.Debug|Any CPU.ActiveCfg = Debug|Any CPU
		{C90B47A1-359E-4E20-BDD5-6403E653F182}.Debug|Any CPU.Build.0 = Debug|Any CPU
		{C90B47A1-359E-4E20-BDD5-6403E653F182}.Release|Any CPU.ActiveCfg = Release|Any CPU
		{C90B47A1-359E-4E20-BDD5-6403E653F182}.Release|Any CPU.Build.0 = Release|Any CPU
		{928D1E50-5318-465F-A3EE-3828B8BE8D20}.Debug|Any CPU.ActiveCfg = Debug|Any CPU
		{928D1E50-5318-465F-A3EE-3828B8BE8D20}.Debug|Any CPU.Build.0 = Debug|Any CPU
		{928D1E50-5318-465F-A3EE-3828B8BE8D20}.Release|Any CPU.ActiveCfg = Release|Any CPU
		{928D1E50-5318-465F-A3EE-3828B8BE8D20}.Release|Any CPU.Build.0 = Release|Any CPU
		{2951123A-FCEF-4E81-B7B1-FEE82B26F04C}.Debug|Any CPU.ActiveCfg = Debug|Any CPU
		{2951123A-FCEF-4E81-B7B1-FEE82B26F04C}.Debug|Any CPU.Build.0 = Debug|Any CPU
		{2951123A-FCEF-4E81-B7B1-FEE82B26F04C}.Release|Any CPU.ActiveCfg = Release|Any CPU
		{2951123A-FCEF-4E81-B7B1-FEE82B26F04C}.Release|Any CPU.Build.0 = Release|Any CPU
		{97BB3576-E682-4DA0-B03B-EE337C385D32}.Debug|Any CPU.ActiveCfg = Debug|Any CPU
		{97BB3576-E682-4DA0-B03B-EE337C385D32}.Debug|Any CPU.Build.0 = Debug|Any CPU
		{97BB3576-E682-4DA0-B03B-EE337C385D32}.Release|Any CPU.ActiveCfg = Release|Any CPU
		{97BB3576-E682-4DA0-B03B-EE337C385D32}.Release|Any CPU.Build.0 = Release|Any CPU
		{1049D030-DDE1-4082-9D1F-1FBF6FA8655C}.Debug|Any CPU.ActiveCfg = Debug|Any CPU
		{1049D030-DDE1-4082-9D1F-1FBF6FA8655C}.Debug|Any CPU.Build.0 = Debug|Any CPU
		{1049D030-DDE1-4082-9D1F-1FBF6FA8655C}.Release|Any CPU.ActiveCfg = Release|Any CPU
		{1049D030-DDE1-4082-9D1F-1FBF6FA8655C}.Release|Any CPU.Build.0 = Release|Any CPU
		{ADFD196F-9415-495F-8660-2AD0B5AD5929}.Debug|Any CPU.ActiveCfg = Debug|Any CPU
		{ADFD196F-9415-495F-8660-2AD0B5AD5929}.Debug|Any CPU.Build.0 = Debug|Any CPU
		{ADFD196F-9415-495F-8660-2AD0B5AD5929}.Release|Any CPU.ActiveCfg = Release|Any CPU
		{ADFD196F-9415-495F-8660-2AD0B5AD5929}.Release|Any CPU.Build.0 = Release|Any CPU
		{3471D970-4827-402C-A333-5653408D96F1}.Debug|Any CPU.ActiveCfg = Debug|Any CPU
		{3471D970-4827-402C-A333-5653408D96F1}.Debug|Any CPU.Build.0 = Debug|Any CPU
		{3471D970-4827-402C-A333-5653408D96F1}.Release|Any CPU.ActiveCfg = Release|Any CPU
		{3471D970-4827-402C-A333-5653408D96F1}.Release|Any CPU.Build.0 = Release|Any CPU
		{02EC08C3-8697-48D2-9A9E-49F1005DED0E}.Debug|Any CPU.ActiveCfg = Debug|Any CPU
		{02EC08C3-8697-48D2-9A9E-49F1005DED0E}.Debug|Any CPU.Build.0 = Debug|Any CPU
		{02EC08C3-8697-48D2-9A9E-49F1005DED0E}.Release|Any CPU.ActiveCfg = Release|Any CPU
		{02EC08C3-8697-48D2-9A9E-49F1005DED0E}.Release|Any CPU.Build.0 = Release|Any CPU
		{4BEDC0D9-EDDB-45A5-B57A-FAA3E1086CD3}.Debug|Any CPU.ActiveCfg = Debug|Any CPU
		{4BEDC0D9-EDDB-45A5-B57A-FAA3E1086CD3}.Debug|Any CPU.Build.0 = Debug|Any CPU
		{4BEDC0D9-EDDB-45A5-B57A-FAA3E1086CD3}.Release|Any CPU.ActiveCfg = Release|Any CPU
		{4BEDC0D9-EDDB-45A5-B57A-FAA3E1086CD3}.Release|Any CPU.Build.0 = Release|Any CPU
		{BEBA4B91-2B2B-44D6-8F83-036314AEB085}.Debug|Any CPU.ActiveCfg = Debug|Any CPU
		{BEBA4B91-2B2B-44D6-8F83-036314AEB085}.Debug|Any CPU.Build.0 = Debug|Any CPU
		{BEBA4B91-2B2B-44D6-8F83-036314AEB085}.Release|Any CPU.ActiveCfg = Release|Any CPU
		{BEBA4B91-2B2B-44D6-8F83-036314AEB085}.Release|Any CPU.Build.0 = Release|Any CPU
		{940A6A39-E747-49BE-AF4A-E8044BC0DD16}.Debug|Any CPU.ActiveCfg = Debug|Any CPU
		{940A6A39-E747-49BE-AF4A-E8044BC0DD16}.Debug|Any CPU.Build.0 = Debug|Any CPU
		{940A6A39-E747-49BE-AF4A-E8044BC0DD16}.Release|Any CPU.ActiveCfg = Release|Any CPU
		{940A6A39-E747-49BE-AF4A-E8044BC0DD16}.Release|Any CPU.Build.0 = Release|Any CPU
		{DB7595CD-C31D-4B09-9C65-B0E90F74C8E2}.Debug|Any CPU.ActiveCfg = Debug|Any CPU
		{DB7595CD-C31D-4B09-9C65-B0E90F74C8E2}.Debug|Any CPU.Build.0 = Debug|Any CPU
		{DB7595CD-C31D-4B09-9C65-B0E90F74C8E2}.Release|Any CPU.ActiveCfg = Release|Any CPU
		{DB7595CD-C31D-4B09-9C65-B0E90F74C8E2}.Release|Any CPU.Build.0 = Release|Any CPU
	EndGlobalSection
	GlobalSection(SolutionProperties) = preSolution
		HideSolutionNode = FALSE
	EndGlobalSection
	GlobalSection(NestedProjects) = preSolution
		{3DDF375D-3FFC-453D-8BD3-838D3F3FC610} = {9D770160-29A8-4C8A-BFD8-86F5D1033C0A}
		{9D770160-29A8-4C8A-BFD8-86F5D1033C0A} = {ECE2CC0C-EE5A-472F-B2FB-0818C818D609}
		{C90B47A1-359E-4E20-BDD5-6403E653F182} = {9D770160-29A8-4C8A-BFD8-86F5D1033C0A}
		{B93DE550-2B9F-486C-8423-97BE51816CF3} = {ECE2CC0C-EE5A-472F-B2FB-0818C818D609}
		{A469F70B-C319-423E-A2E7-49044BB239E1} = {ECE2CC0C-EE5A-472F-B2FB-0818C818D609}
		{928D1E50-5318-465F-A3EE-3828B8BE8D20} = {A469F70B-C319-423E-A2E7-49044BB239E1}
		{0037CCA1-BF84-4E7A-B40F-A8C6DF272E31} = {B93DE550-2B9F-486C-8423-97BE51816CF3}
		{2951123A-FCEF-4E81-B7B1-FEE82B26F04C} = {0037CCA1-BF84-4E7A-B40F-A8C6DF272E31}
		{B4707239-D1E3-4A25-A217-B3B5458487A3} = {B93DE550-2B9F-486C-8423-97BE51816CF3}
		{97BB3576-E682-4DA0-B03B-EE337C385D32} = {B4707239-D1E3-4A25-A217-B3B5458487A3}
		{EF2C17F5-F45F-43D2-BAB7-BC1086522DE8} = {B93DE550-2B9F-486C-8423-97BE51816CF3}
		{1049D030-DDE1-4082-9D1F-1FBF6FA8655C} = {EF2C17F5-F45F-43D2-BAB7-BC1086522DE8}
		{FC281D9F-7E4D-46A7-9CCB-11BF0C4101ED} = {B93DE550-2B9F-486C-8423-97BE51816CF3}
		{ADFD196F-9415-495F-8660-2AD0B5AD5929} = {FC281D9F-7E4D-46A7-9CCB-11BF0C4101ED}
		{763C569E-932F-4793-8AEB-A3283D204222} = {B93DE550-2B9F-486C-8423-97BE51816CF3}
		{3471D970-4827-402C-A333-5653408D96F1} = {763C569E-932F-4793-8AEB-A3283D204222}
		{5821F862-FBE9-4FC9-94D8-A956E1722F26} = {B93DE550-2B9F-486C-8423-97BE51816CF3}
		{02EC08C3-8697-48D2-9A9E-49F1005DED0E} = {5821F862-FBE9-4FC9-94D8-A956E1722F26}
		{4BEDC0D9-EDDB-45A5-B57A-FAA3E1086CD3} = {9D770160-29A8-4C8A-BFD8-86F5D1033C0A}
		{BEBA4B91-2B2B-44D6-8F83-036314AEB085} = {9D770160-29A8-4C8A-BFD8-86F5D1033C0A}
		{940A6A39-E747-49BE-AF4A-E8044BC0DD16} = {9D770160-29A8-4C8A-BFD8-86F5D1033C0A}
		{AF615C4E-DD98-4806-9C28-CB477A4C613C} = {ECE2CC0C-EE5A-472F-B2FB-0818C818D609}
		{DB7595CD-C31D-4B09-9C65-B0E90F74C8E2} = {AF615C4E-DD98-4806-9C28-CB477A4C613C}
	EndGlobalSection
	GlobalSection(ExtensibilityGlobals) = postSolution
		SolutionGuid = {0CDA85B0-EA95-4803-8B40-38F250FE5B09}
	EndGlobalSection
EndGlobal
